GEM
  remote: https://rubygems.org/
  specs:
    power_assert (3.0.1)
    prism (1.9.0)
    rake (13.4.2)
    test-unit (3.7.8)
      power_assert

PLATFORMS
  arm64-darwin-25
  ruby

DEPENDENCIES
  prism
  rake
  test-unit

CHECKSUMS
  power_assert (3.0.1) sha256=8ce9876716cc74e863fcd4cdcdc52d792bd983598d1af3447083a3a9a4d34103
  prism (1.9.0) sha256=7b530c6a9f92c24300014919c9dcbc055bf4cdf51ec30aed099b06cd6674ef85
  rake (13.4.2) sha256=cb825b2bd5f1f8e91ca37bddb4b9aaf345551b4731da62949be002fa89283701
  test-unit (3.7.8) sha256=689d1ca53f4d46f678b4e5d68d8e4294f87fc5e8b9238cc4de7c5727e8d65943

BUNDLED WITH
  4.0.10
